// !$*UTF8*$!
{
	archiveVersion = 1;
	classes = {
	};
	objectVersion = 46;
	objects = {

/* Begin PBXBuildFile section */
		041B54A11DDC156C0042BC76 /* ZCTabBar.m in Sources */ = {isa = PBXBuildFile; fileRef = 041B54A01DDC156C0042BC76 /* ZCTabBar.m */; };
		043DE3141DE68803008F4267 /* ZCStatusFrame.m in Sources */ = {isa = PBXBuildFile; fileRef = 043DE3131DE68803008F4267 /* ZCStatusFrame.m */; };
		043DE3171DE689A2008F4267 /* ZCStatusCell.m in Sources */ = {isa = PBXBuildFile; fileRef = 043DE3161DE689A2008F4267 /* ZCStatusCell.m */; };
		043DE31A1DE6EBCF008F4267 /* ZCStatusCellToobar.m in Sources */ = {isa = PBXBuildFile; fileRef = 043DE3191DE6EBCF008F4267 /* ZCStatusCellToobar.m */; };
		047DE56D1DDAEE3C006D3B8D /* ZCSearchBar.m in Sources */ = {isa = PBXBuildFile; fileRef = 047DE56C1DDAEE3C006D3B8D /* ZCSearchBar.m */; };
		04C7F2451DE2CAC70095C1E4 /* ZCUtility.m in Sources */ = {isa = PBXBuildFile; fileRef = 04C7F2441DE2CAC70095C1E4 /* ZCUtility.m */; };
		04C7F2481DE2CC000095C1E4 /* ZCAFHttpsRequest.m in Sources */ = {isa = PBXBuildFile; fileRef = 04C7F2471DE2CC000095C1E4 /* ZCAFHttpsRequest.m */; };
		04C7F24A1DE2DA970095C1E4 /* Foundation+Log.m in Sources */ = {isa = PBXBuildFile; fileRef = 04C7F2491DE2DA970095C1E4 /* Foundation+Log.m */; };
		04D317751DDD8A6E008FE97C /* ZCNewFeatureViewController.m in Sources */ = {isa = PBXBuildFile; fileRef = 04D317741DDD8A6E008FE97C /* ZCNewFeatureViewController.m */; };
		04D73C081DDEA89200517C0A /* ZCOAuthViewController.m in Sources */ = {isa = PBXBuildFile; fileRef = 04D73C071DDEA89200517C0A /* ZCOAuthViewController.m */; };
		04D73C0B1DDEF5D100517C0A /* UIWindow+ZCExtension.m in Sources */ = {isa = PBXBuildFile; fileRef = 04D73C0A1DDEF5D100517C0A /* UIWindow+ZCExtension.m */; };
		04D73C111DDEFB1200517C0A /* MBProgressHUD+MJ.m in Sources */ = {isa = PBXBuildFile; fileRef = 04D73C101DDEFB1200517C0A /* MBProgressHUD+MJ.m */; };
		04D963FB1DE3E5FF00B3BE74 /* ZCUser.m in Sources */ = {isa = PBXBuildFile; fileRef = 04D963FA1DE3E5FF00B3BE74 /* ZCUser.m */; };
		04D963FE1DE3E62100B3BE74 /* ZCStatus.m in Sources */ = {isa = PBXBuildFile; fileRef = 04D963FD1DE3E62100B3BE74 /* ZCStatus.m */; };
		04EF946F1DD9546500E65FE5 /* Assets.xcassets in Resources */ = {isa = PBXBuildFile; fileRef = 04EF946E1DD9546500E65FE5 /* Assets.xcassets */; };
		04EF94721DD9546500E65FE5 /* LaunchScreen.storyboard in Resources */ = {isa = PBXBuildFile; fileRef = 04EF94701DD9546500E65FE5 /* LaunchScreen.storyboard */; };
		04EF947D1DD9546500E65FE5 /* SinaWeboTests.m in Sources */ = {isa = PBXBuildFile; fileRef = 04EF947C1DD9546500E65FE5 /* SinaWeboTests.m */; };
		04EF94881DD9546500E65FE5 /* SinaWeboUITests.m in Sources */ = {isa = PBXBuildFile; fileRef = 04EF94871DD9546500E65FE5 /* SinaWeboUITests.m */; };
		04EF94BC1DD9606F00E65FE5 /* AppDelegate.m in Sources */ = {isa = PBXBuildFile; fileRef = 04EF94A91DD9606F00E65FE5 /* AppDelegate.m */; };
		04EF94BD1DD9606F00E65FE5 /* main.m in Sources */ = {isa = PBXBuildFile; fileRef = 04EF94AA1DD9606F00E65FE5 /* main.m */; };
		04EF94C11DD9648500E65FE5 /* ZCTabBarViewController.m in Sources */ = {isa = PBXBuildFile; fileRef = 04EF94C01DD9648500E65FE5 /* ZCTabBarViewController.m */; };
		04EF94C41DD964B600E65FE5 /* ZCNavigationController.m in Sources */ = {isa = PBXBuildFile; fileRef = 04EF94C31DD964B600E65FE5 /* ZCNavigationController.m */; };
		04EF94C71DD965A700E65FE5 /* NSString+ZCExtension.m in Sources */ = {isa = PBXBuildFile; fileRef = 04EF94C61DD965A700E65FE5 /* NSString+ZCExtension.m */; };
		04EF94CA1DD9663100E65FE5 /* UIView+ZCExtension.m in Sources */ = {isa = PBXBuildFile; fileRef = 04EF94C91DD9663100E65FE5 /* UIView+ZCExtension.m */; };
		04EF94CD1DD9694000E65FE5 /* UIBarButtonItem+ZCExtension.m in Sources */ = {isa = PBXBuildFile; fileRef = 04EF94CC1DD9694000E65FE5 /* UIBarButtonItem+ZCExtension.m */; };
		04EF94D01DD96A4200E65FE5 /* ZCConst.m in Sources */ = {isa = PBXBuildFile; fileRef = 04EF94CF1DD96A4200E65FE5 /* ZCConst.m */; };
		04EF94D31DD9A5AD00E65FE5 /* ZCHomeViewController.m in Sources */ = {isa = PBXBuildFile; fileRef = 04EF94D21DD9A5AD00E65FE5 /* ZCHomeViewController.m */; };
		04EF94D61DD9A5C600E65FE5 /* ZCMessageViewController.m in Sources */ = {isa = PBXBuildFile; fileRef = 04EF94D51DD9A5C600E65FE5 /* ZCMessageViewController.m */; };
		04EF94D91DD9A5DF00E65FE5 /* ZCProfileViewController.m in Sources */ = {isa = PBXBuildFile; fileRef = 04EF94D81DD9A5DF00E65FE5 /* ZCProfileViewController.m */; };
		04EF94DC1DD9A5ED00E65FE5 /* ZCDiscoverViewController.m in Sources */ = {isa = PBXBuildFile; fileRef = 04EF94DB1DD9A5ED00E65FE5 /* ZCDiscoverViewController.m */; };
		04EF94DF1DD9B4F000E65FE5 /* ZCTextViewController.m in Sources */ = {isa = PBXBuildFile; fileRef = 04EF94DE1DD9B4F000E65FE5 /* ZCTextViewController.m */; };
		7A503D6D1DE72CDA00CD7FC7 /* ZCPhoto.m in Sources */ = {isa = PBXBuildFile; fileRef = 7A503D6C1DE72CDA00CD7FC7 /* ZCPhoto.m */; };
		7A9F9B511DDB5174006FF9CF /* ZCDrawDownMenu.m in Sources */ = {isa = PBXBuildFile; fileRef = 7A9F9B501DDB5174006FF9CF /* ZCDrawDownMenu.m */; };
		7A9F9B541DDB610B006FF9CF /* ZCHomeTitleButton.m in Sources */ = {isa = PBXBuildFile; fileRef = 7A9F9B531DDB610B006FF9CF /* ZCHomeTitleButton.m */; };
		7AD004D91DDF3C83008948F7 /* ZCUserAccount.m in Sources */ = {isa = PBXBuildFile; fileRef = 7AD004D81DDF3C83008948F7 /* ZCUserAccount.m */; };
		7AEE2E861DE9D9610062F019 /* NSDate+ZCExtension.m in Sources */ = {isa = PBXBuildFile; fileRef = 7AEE2E851DE9D9610062F019 /* NSDate+ZCExtension.m */; };
		C40D58194DFEDE81FC569471 /* libPods-SinaWebo.a in Frameworks */ = {isa = PBXBuildFile; fileRef = 3192157EB0638AC2536A1FC4 /* libPods-SinaWebo.a */; };
/* End PBXBuildFile section */

/* Begin PBXContainerItemProxy section */
		04EF94791DD9546500E65FE5 /* PBXContainerItemProxy */ = {
			isa = PBXContainerItemProxy;
			containerPortal = 04EF94571DD9546400E65FE5 /* Project object */;
			proxyType = 1;
			remoteGlobalIDString = 04EF945E1DD9546500E65FE5;
			remoteInfo = SinaWebo;
		};
		04EF94841DD9546500E65FE5 /* PBXContainerItemProxy */ = {
			isa = PBXContainerItemProxy;
			containerPortal = 04EF94571DD9546400E65FE5 /* Project object */;
			proxyType = 1;
			remoteGlobalIDString = 04EF945E1DD9546500E65FE5;
			remoteInfo = SinaWebo;
		};
/* End PBXContainerItemProxy section */

/* Begin PBXFileReference section */
		041B549F1DDC156C0042BC76 /* ZCTabBar.h */ = {isa = PBXFileReference; fileEncoding = 4; lastKnownFileType = sourcecode.c.h; path = ZCTabBar.h; sourceTree = "<group>"; };
		041B54A01DDC156C0042BC76 /* ZCTabBar.m */ = {isa = PBXFileReference; fileEncoding = 4; lastKnownFileType = sourcecode.c.objc; path = ZCTabBar.m; sourceTree = "<group>"; };
		043DE3121DE68803008F4267 /* ZCStatusFrame.h */ = {isa = PBXFileReference; fileEncoding = 4; lastKnownFileType = sourcecode.c.h; path = ZCStatusFrame.h; sourceTree = "<group>"; };
		043DE3131DE68803008F4267 /* ZCStatusFrame.m */ = {isa = PBXFileReference; fileEncoding = 4; lastKnownFileType = sourcecode.c.objc; path = ZCStatusFrame.m; sourceTree = "<group>"; };
		043DE3151DE689A2008F4267 /* ZCStatusCell.h */ = {isa = PBXFileReference; fileEncoding = 4; lastKnownFileType = sourcecode.c.h; path = ZCStatusCell.h; sourceTree = "<group>"; };
		043DE3161DE689A2008F4267 /* ZCStatusCell.m */ = {isa = PBXFileReference; fileEncoding = 4; lastKnownFileType = sourcecode.c.objc; path = ZCStatusCell.m; sourceTree = "<group>"; };
		043DE3181DE6EBCF008F4267 /* ZCStatusCellToobar.h */ = {isa = PBXFileReference; fileEncoding = 4; lastKnownFileType = sourcecode.c.h; path = ZCStatusCellToobar.h; sourceTree = "<group>"; };
		043DE3191DE6EBCF008F4267 /* ZCStatusCellToobar.m */ = {isa = PBXFileReference; fileEncoding = 4; lastKnownFileType = sourcecode.c.objc; path = ZCStatusCellToobar.m; sourceTree = "<group>"; };
		047DE56B1DDAEE3C006D3B8D /* ZCSearchBar.h */ = {isa = PBXFileReference; fileEncoding = 4; lastKnownFileType = sourcecode.c.h; path = ZCSearchBar.h; sourceTree = "<group>"; };
		047DE56C1DDAEE3C006D3B8D /* ZCSearchBar.m */ = {isa = PBXFileReference; fileEncoding = 4; lastKnownFileType = sourcecode.c.objc; path = ZCSearchBar.m; sourceTree = "<group>"; };
		04C7F2431DE2CAC70095C1E4 /* ZCUtility.h */ = {isa = PBXFileReference; fileEncoding = 4; lastKnownFileType = sourcecode.c.h; path = ZCUtility.h; sourceTree = "<group>"; };
		04C7F2441DE2CAC70095C1E4 /* ZCUtility.m */ = {isa = PBXFileReference; fileEncoding = 4; lastKnownFileType = sourcecode.c.objc; path = ZCUtility.m; sourceTree = "<group>"; };
		04C7F2461DE2CC000095C1E4 /* ZCAFHttpsRequest.h */ = {isa = PBXFileReference; fileEncoding = 4; lastKnownFileType = sourcecode.c.h; path = ZCAFHttpsRequest.h; sourceTree = "<group>"; };
		04C7F2471DE2CC000095C1E4 /* ZCAFHttpsRequest.m */ = {isa = PBXFileReference; fileEncoding = 4; lastKnownFileType = sourcecode.c.objc; path = ZCAFHttpsRequest.m; sourceTree = "<group>"; };
		04C7F2491DE2DA970095C1E4 /* Foundation+Log.m */ = {isa = PBXFileReference; fileEncoding = 4; lastKnownFileType = sourcecode.c.objc; path = "Foundation+Log.m"; sourceTree = "<group>"; };
		04D317731DDD8A6E008FE97C /* ZCNewFeatureViewController.h */ = {isa = PBXFileReference; fileEncoding = 4; lastKnownFileType = sourcecode.c.h; path = ZCNewFeatureViewController.h; sourceTree = "<group>"; };
		04D317741DDD8A6E008FE97C /* ZCNewFeatureViewController.m */ = {isa = PBXFileReference; fileEncoding = 4; lastKnownFileType = sourcecode.c.objc; path = ZCNewFeatureViewController.m; sourceTree = "<group>"; };
		04D73C061DDEA89200517C0A /* ZCOAuthViewController.h */ = {isa = PBXFileReference; fileEncoding = 4; lastKnownFileType = sourcecode.c.h; path = ZCOAuthViewController.h; sourceTree = "<group>"; };
		04D73C071DDEA89200517C0A /* ZCOAuthViewController.m */ = {isa = PBXFileReference; fileEncoding = 4; lastKnownFileType = sourcecode.c.objc; path = ZCOAuthViewController.m; sourceTree = "<group>"; };
		04D73C091DDEF5D100517C0A /* UIWindow+ZCExtension.h */ = {isa = PBXFileReference; fileEncoding = 4; lastKnownFileType = sourcecode.c.h; path = "UIWindow+ZCExtension.h"; sourceTree = "<group>"; };
		04D73C0A1DDEF5D100517C0A /* UIWindow+ZCExtension.m */ = {isa = PBXFileReference; fileEncoding = 4; lastKnownFileType = sourcecode.c.objc; path = "UIWindow+ZCExtension.m"; sourceTree = "<group>"; };
		04D73C0F1DDEFB1200517C0A /* MBProgressHUD+MJ.h */ = {isa = PBXFileReference; fileEncoding = 4; lastKnownFileType = sourcecode.c.h; path = "MBProgressHUD+MJ.h"; sourceTree = "<group>"; };
		04D73C101DDEFB1200517C0A /* MBProgressHUD+MJ.m */ = {isa = PBXFileReference; fileEncoding = 4; lastKnownFileType = sourcecode.c.objc; path = "MBProgressHUD+MJ.m"; sourceTree = "<group>"; };
		04D963F91DE3E5FF00B3BE74 /* ZCUser.h */ = {isa = PBXFileReference; fileEncoding = 4; lastKnownFileType = sourcecode.c.h; path = ZCUser.h; sourceTree = "<group>"; };
		04D963FA1DE3E5FF00B3BE74 /* ZCUser.m */ = {isa = PBXFileReference; fileEncoding = 4; lastKnownFileType = sourcecode.c.objc; path = ZCUser.m; sourceTree = "<group>"; };
		04D963FC1DE3E62100B3BE74 /* ZCStatus.h */ = {isa = PBXFileReference; fileEncoding = 4; lastKnownFileType = sourcecode.c.h; path = ZCStatus.h; sourceTree = "<group>"; };
		04D963FD1DE3E62100B3BE74 /* ZCStatus.m */ = {isa = PBXFileReference; fileEncoding = 4; lastKnownFileType = sourcecode.c.objc; path = ZCStatus.m; sourceTree = "<group>"; };
		04EF945F1DD9546500E65FE5 /* SinaWebo.app */ = {isa = PBXFileReference; explicitFileType = wrapper.application; includeInIndex = 0; path = SinaWebo.app; sourceTree = BUILT_PRODUCTS_DIR; };
		04EF946E1DD9546500E65FE5 /* Assets.xcassets */ = {isa = PBXFileReference; lastKnownFileType = folder.assetcatalog; path = Assets.xcassets; sourceTree = "<group>"; };
		04EF94711DD9546500E65FE5 /* Base */ = {isa = PBXFileReference; lastKnownFileType = file.storyboard; name = Base; path = Base.lproj/LaunchScreen.storyboard; sourceTree = "<group>"; };
		04EF94731DD9546500E65FE5 /* Info.plist */ = {isa = PBXFileReference; lastKnownFileType = text.plist.xml; path = Info.plist; sourceTree = "<group>"; };
		04EF94781DD9546500E65FE5 /* SinaWeboTests.xctest */ = {isa = PBXFileReference; explicitFileType = wrapper.cfbundle; includeInIndex = 0; path = SinaWeboTests.xctest; sourceTree = BUILT_PRODUCTS_DIR; };
		04EF947C1DD9546500E65FE5 /* SinaWeboTests.m */ = {isa = PBXFileReference; lastKnownFileType = sourcecode.c.objc; path = SinaWeboTests.m; sourceTree = "<group>"; };
		04EF947E1DD9546500E65FE5 /* Info.plist */ = {isa = PBXFileReference; lastKnownFileType = text.plist.xml; path = Info.plist; sourceTree = "<group>"; };
		04EF94831DD9546500E65FE5 /* SinaWeboUITests.xctest */ = {isa = PBXFileReference; explicitFileType = wrapper.cfbundle; includeInIndex = 0; path = SinaWeboUITests.xctest; sourceTree = BUILT_PRODUCTS_DIR; };
		04EF94871DD9546500E65FE5 /* SinaWeboUITests.m */ = {isa = PBXFileReference; lastKnownFileType = sourcecode.c.objc; path = SinaWeboUITests.m; sourceTree = "<group>"; };
		04EF94891DD9546500E65FE5 /* Info.plist */ = {isa = PBXFileReference; lastKnownFileType = text.plist.xml; path = Info.plist; sourceTree = "<group>"; };
		04EF94A81DD9606F00E65FE5 /* AppDelegate.h */ = {isa = PBXFileReference; fileEncoding = 4; lastKnownFileType = sourcecode.c.h; path = AppDelegate.h; sourceTree = "<group>"; };
		04EF94A91DD9606F00E65FE5 /* AppDelegate.m */ = {isa = PBXFileReference; fileEncoding = 4; lastKnownFileType = sourcecode.c.objc; path = AppDelegate.m; sourceTree = "<group>"; };
		04EF94AA1DD9606F00E65FE5 /* main.m */ = {isa = PBXFileReference; fileEncoding = 4; lastKnownFileType = sourcecode.c.objc; path = main.m; sourceTree = "<group>"; };
		04EF94BE1DD9621E00E65FE5 /* PrefixHeader.pch */ = {isa = PBXFileReference; fileEncoding = 4; lastKnownFileType = sourcecode.c.h; path = PrefixHeader.pch; sourceTree = "<group>"; };
		04EF94BF1DD9648500E65FE5 /* ZCTabBarViewController.h */ = {isa = PBXFileReference; fileEncoding = 4; lastKnownFileType = sourcecode.c.h; path = ZCTabBarViewController.h; sourceTree = "<group>"; };
		04EF94C01DD9648500E65FE5 /* ZCTabBarViewController.m */ = {isa = PBXFileReference; fileEncoding = 4; lastKnownFileType = sourcecode.c.objc; path = ZCTabBarViewController.m; sourceTree = "<group>"; };
		04EF94C21DD964B600E65FE5 /* ZCNavigationController.h */ = {isa = PBXFileReference; fileEncoding = 4; lastKnownFileType = sourcecode.c.h; path = ZCNavigationController.h; sourceTree = "<group>"; };
		04EF94C31DD964B600E65FE5 /* ZCNavigationController.m */ = {isa = PBXFileReference; fileEncoding = 4; lastKnownFileType = sourcecode.c.objc; path = ZCNavigationController.m; sourceTree = "<group>"; };
		04EF94C51DD965A700E65FE5 /* NSString+ZCExtension.h */ = {isa = PBXFileReference; fileEncoding = 4; lastKnownFileType = sourcecode.c.h; path = "NSString+ZCExtension.h"; sourceTree = "<group>"; };
		04EF94C61DD965A700E65FE5 /* NSString+ZCExtension.m */ = {isa = PBXFileReference; fileEncoding = 4; lastKnownFileType = sourcecode.c.objc; path = "NSString+ZCExtension.m"; sourceTree = "<group>"; };
		04EF94C81DD9663100E65FE5 /* UIView+ZCExtension.h */ = {isa = PBXFileReference; fileEncoding = 4; lastKnownFileType = sourcecode.c.h; path = "UIView+ZCExtension.h"; sourceTree = "<group>"; };
		04EF94C91DD9663100E65FE5 /* UIView+ZCExtension.m */ = {isa = PBXFileReference; fileEncoding = 4; lastKnownFileType = sourcecode.c.objc; path = "UIView+ZCExtension.m"; sourceTree = "<group>"; };
		04EF94CB1DD9694000E65FE5 /* UIBarButtonItem+ZCExtension.h */ = {isa = PBXFileReference; fileEncoding = 4; lastKnownFileType = sourcecode.c.h; path = "UIBarButtonItem+ZCExtension.h"; sourceTree = "<group>"; };
		04EF94CC1DD9694000E65FE5 /* UIBarButtonItem+ZCExtension.m */ = {isa = PBXFileReference; fileEncoding = 4; lastKnownFileType = sourcecode.c.objc; path = "UIBarButtonItem+ZCExtension.m"; sourceTree = "<group>"; };
		04EF94CE1DD96A4200E65FE5 /* ZCConst.h */ = {isa = PBXFileReference; fileEncoding = 4; lastKnownFileType = sourcecode.c.h; path = ZCConst.h; sourceTree = "<group>"; };
		04EF94CF1DD96A4200E65FE5 /* ZCConst.m */ = {isa = PBXFileReference; fileEncoding = 4; lastKnownFileType = sourcecode.c.objc; path = ZCConst.m; sourceTree = "<group>"; };
		04EF94D11DD9A5AD00E65FE5 /* ZCHomeViewController.h */ = {isa = PBXFileReference; fileEncoding = 4; lastKnownFileType = sourcecode.c.h; path = ZCHomeViewController.h; sourceTree = "<group>"; };
		04EF94D21DD9A5AD00E65FE5 /* ZCHomeViewController.m */ = {isa = PBXFileReference; fileEncoding = 4; lastKnownFileType = sourcecode.c.objc; path = ZCHomeViewController.m; sourceTree = "<group>"; };
		04EF94D41DD9A5C600E65FE5 /* ZCMessageViewController.h */ = {isa = PBXFileReference; fileEncoding = 4; lastKnownFileType = sourcecode.c.h; path = ZCMessageViewController.h; sourceTree = "<group>"; };
		04EF94D51DD9A5C600E65FE5 /* ZCMessageViewController.m */ = {isa = PBXFileReference; fileEncoding = 4; lastKnownFileType = sourcecode.c.objc; path = ZCMessageViewController.m; sourceTree = "<group>"; };
		04EF94D71DD9A5DF00E65FE5 /* ZCProfileViewController.h */ = {isa = PBXFileReference; fileEncoding = 4; lastKnownFileType = sourcecode.c.h; path = ZCProfileViewController.h; sourceTree = "<group>"; };
		04EF94D81DD9A5DF00E65FE5 /* ZCProfileViewController.m */ = {isa = PBXFileReference; fileEncoding = 4; lastKnownFileType = sourcecode.c.objc; path = ZCProfileViewController.m; sourceTree = "<group>"; };
		04EF94DA1DD9A5ED00E65FE5 /* ZCDiscoverViewController.h */ = {isa = PBXFileReference; fileEncoding = 4; lastKnownFileType = sourcecode.c.h; path = ZCDiscoverViewController.h; sourceTree = "<group>"; };
		04EF94DB1DD9A5ED00E65FE5 /* ZCDiscoverViewController.m */ = {isa = PBXFileReference; fileEncoding = 4; lastKnownFileType = sourcecode.c.objc; path = ZCDiscoverViewController.m; sourceTree = "<group>"; };
		04EF94DD1DD9B4F000E65FE5 /* ZCTextViewController.h */ = {isa = PBXFileReference; fileEncoding = 4; lastKnownFileType = sourcecode.c.h; path = ZCTextViewController.h; sourceTree = "<group>"; };
		04EF94DE1DD9B4F000E65FE5 /* ZCTextViewController.m */ = {isa = PBXFileReference; fileEncoding = 4; lastKnownFileType = sourcecode.c.objc; path = ZCTextViewController.m; sourceTree = "<group>"; };
		3192157EB0638AC2536A1FC4 /* libPods-SinaWebo.a */ = {isa = PBXFileReference; explicitFileType = archive.ar; includeInIndex = 0; path = "libPods-SinaWebo.a"; sourceTree = BUILT_PRODUCTS_DIR; };
		7A503D6B1DE72CDA00CD7FC7 /* ZCPhoto.h */ = {isa = PBXFileReference; fileEncoding = 4; lastKnownFileType = sourcecode.c.h; path = ZCPhoto.h; sourceTree = "<group>"; };
		7A503D6C1DE72CDA00CD7FC7 /* ZCPhoto.m */ = {isa = PBXFileReference; fileEncoding = 4; lastKnownFileType = sourcecode.c.objc; path = ZCPhoto.m; sourceTree = "<group>"; };
		7A9F9B4F1DDB5174006FF9CF /* ZCDrawDownMenu.h */ = {isa = PBXFileReference; fileEncoding = 4; lastKnownFileType = sourcecode.c.h; path = ZCDrawDownMenu.h; sourceTree = "<group>"; };
		7A9F9B501DDB5174006FF9CF /* ZCDrawDownMenu.m */ = {isa = PBXFileReference; fileEncoding = 4; lastKnownFileType = sourcecode.c.objc; path = ZCDrawDownMenu.m; sourceTree = "<group>"; };
		7A9F9B521DDB610B006FF9CF /* ZCHomeTitleButton.h */ = {isa = PBXFileReference; fileEncoding = 4; lastKnownFileType = sourcecode.c.h; name = ZCHomeTitleButton.h; path = SinaWebo/Classes/Main/View/ZCHomeTitleButton.h; sourceTree = SOURCE_ROOT; };
		7A9F9B531DDB610B006FF9CF /* ZCHomeTitleButton.m */ = {isa = PBXFileReference; fileEncoding = 4; lastKnownFileType = sourcecode.c.objc; name = ZCHomeTitleButton.m; path = SinaWebo/Classes/Main/View/ZCHomeTitleButton.m; sourceTree = SOURCE_ROOT; };
		7AD004D71DDF3C83008948F7 /* ZCUserAccount.h */ = {isa = PBXFileReference; fileEncoding = 4; lastKnownFileType = sourcecode.c.h; path = ZCUserAccount.h; sourceTree = "<group>"; };
		7AD004D81DDF3C83008948F7 /* ZCUserAccount.m */ = {isa = PBXFileReference; fileEncoding = 4; lastKnownFileType = sourcecode.c.objc; path = ZCUserAccount.m; sourceTree = "<group>"; };
		7AEE2E841DE9D9610062F019 /* NSDate+ZCExtension.h */ = {isa = PBXFileReference; fileEncoding = 4; lastKnownFileType = sourcecode.c.h; path = "NSDate+ZCExtension.h"; sourceTree = "<group>"; };
		7AEE2E851DE9D9610062F019 /* NSDate+ZCExtension.m */ = {isa = PBXFileReference; fileEncoding = 4; lastKnownFileType = sourcecode.c.objc; path = "NSDate+ZCExtension.m"; sourceTree = "<group>"; };
		CBB90215D3DF9BA14DC32A9A /* Pods-SinaWebo.debug.xcconfig */ = {isa = PBXFileReference; includeInIndex = 1; lastKnownFileType = text.xcconfig; name = "Pods-SinaWebo.debug.xcconfig"; path = "Pods/Target Support Files/Pods-SinaWebo/Pods-SinaWebo.debug.xcconfig"; sourceTree = "<group>"; };
		CE902A01F370151776EC9509 /* Pods-SinaWebo.release.xcconfig */ = {isa = PBXFileReference; includeInIndex = 1; lastKnownFileType = text.xcconfig; name = "Pods-SinaWebo.release.xcconfig"; path = "Pods/Target Support Files/Pods-SinaWebo/Pods-SinaWebo.release.xcconfig"; sourceTree = "<group>"; };
/* End PBXFileReference section */

/* Begin PBXFrameworksBuildPhase section */
		04EF945C1DD9546500E65FE5 /* Frameworks */ = {
			isa = PBXFrameworksBuildPhase;
			buildActionMask = 2147483647;
			files = (
				C40D58194DFEDE81FC569471 /* libPods-SinaWebo.a in Frameworks */,
			);
			runOnlyForDeploymentPostprocessing = 0;
		};
		04EF94751DD9546500E65FE5 /* Frameworks */ = {
			isa = PBXFrameworksBuildPhase;
			buildActionMask = 2147483647;
			files = (
			);
			runOnlyForDeploymentPostprocessing = 0;
		};
		04EF94801DD9546500E65FE5 /* Frameworks */ = {
			isa = PBXFrameworksBuildPhase;
			buildActionMask = 2147483647;
			files = (
			);
			runOnlyForDeploymentPostprocessing = 0;
		};
/* End PBXFrameworksBuildPhase section */

/* Begin PBXGroup section */
		04C7F2421DE2CAC70095C1E4 /* Tool */ = {
			isa = PBXGroup;
			children = (
				04C7F2431DE2CAC70095C1E4 /* ZCUtility.h */,
				04C7F2441DE2CAC70095C1E4 /* ZCUtility.m */,
				04C7F2461DE2CC000095C1E4 /* ZCAFHttpsRequest.h */,
				04C7F2471DE2CC000095C1E4 /* ZCAFHttpsRequest.m */,
			);
			path = Tool;
			sourceTree = "<group>";
		};
		04EF94561DD9546400E65FE5 = {
			isa = PBXGroup;
			children = (
				04EF94611DD9546500E65FE5 /* SinaWebo */,
				04EF947B1DD9546500E65FE5 /* SinaWeboTests */,
				04EF94861DD9546500E65FE5 /* SinaWeboUITests */,
				04EF94601DD9546500E65FE5 /* Products */,
				9BC8B4DFDC393D83985A2ADF /* Pods */,
				9A099610CA5407678C93836F /* Frameworks */,
			);
			sourceTree = "<group>";
		};
		04EF94601DD9546500E65FE5 /* Products */ = {
			isa = PBXGroup;
			children = (
				04EF945F1DD9546500E65FE5 /* SinaWebo.app */,
				04EF94781DD9546500E65FE5 /* SinaWeboTests.xctest */,
				04EF94831DD9546500E65FE5 /* SinaWeboUITests.xctest */,
			);
			name = Products;
			sourceTree = "<group>";
		};
		04EF94611DD9546500E65FE5 /* SinaWebo */ = {
			isa = PBXGroup;
			children = (
				04EF94951DD9606F00E65FE5 /* Classes */,
				04EF94621DD9546500E65FE5 /* Supporting Files */,
			);
			path = SinaWebo;
			sourceTree = "<group>";
		};
		04EF94621DD9546500E65FE5 /* Supporting Files */ = {
			isa = PBXGroup;
			children = (
				04EF946E1DD9546500E65FE5 /* Assets.xcassets */,
				04EF94701DD9546500E65FE5 /* LaunchScreen.storyboard */,
				04EF94731DD9546500E65FE5 /* Info.plist */,
				04EF94BE1DD9621E00E65FE5 /* PrefixHeader.pch */,
			);
			name = "Supporting Files";
			sourceTree = "<group>";
		};
		04EF947B1DD9546500E65FE5 /* SinaWeboTests */ = {
			isa = PBXGroup;
			children = (
				04EF947C1DD9546500E65FE5 /* SinaWeboTests.m */,
				04EF947E1DD9546500E65FE5 /* Info.plist */,
			);
			path = SinaWeboTests;
			sourceTree = "<group>";
		};
		04EF94861DD9546500E65FE5 /* SinaWeboUITests */ = {
			isa = PBXGroup;
			children = (
				04EF94871DD9546500E65FE5 /* SinaWeboUITests.m */,
				04EF94891DD9546500E65FE5 /* Info.plist */,
			);
			path = SinaWeboUITests;
			sourceTree = "<group>";
		};
		04EF94951DD9606F00E65FE5 /* Classes */ = {
			isa = PBXGroup;
			children = (
				04EF94961DD9606F00E65FE5 /* Compose(发微博) */,
				04EF949A1DD9606F00E65FE5 /* Discover(发现) */,
				04EF949E1DD9606F00E65FE5 /* Home(首页) */,
				04EF94A21DD9606F00E65FE5 /* Main */,
				04EF94AC1DD9606F00E65FE5 /* MessageCenter(消息) */,
				04EF94B01DD9606F00E65FE5 /* Newfeature(新特性) */,
				04EF94B41DD9606F00E65FE5 /* OAuth(授权) */,
				04EF94B81DD9606F00E65FE5 /* Profile(我) */,
			);
			path = Classes;
			sourceTree = "<group>";
		};
		04EF94961DD9606F00E65FE5 /* Compose(发微博) */ = {
			isa = PBXGroup;
			children = (
				04EF94971DD9606F00E65FE5 /* Controller */,
				04EF94981DD9606F00E65FE5 /* Model */,
				04EF94991DD9606F00E65FE5 /* View */,
			);
			path = "Compose(发微博)";
			sourceTree = "<group>";
		};
		04EF94971DD9606F00E65FE5 /* Controller */ = {
			isa = PBXGroup;
			children = (
			);
			path = Controller;
			sourceTree = "<group>";
		};
		04EF94981DD9606F00E65FE5 /* Model */ = {
			isa = PBXGroup;
			children = (
			);
			path = Model;
			sourceTree = "<group>";
		};
		04EF94991DD9606F00E65FE5 /* View */ = {
			isa = PBXGroup;
			children = (
			);
			path = View;
			sourceTree = "<group>";
		};
		04EF949A1DD9606F00E65FE5 /* Discover(发现) */ = {
			isa = PBXGroup;
			children = (
				04EF949B1DD9606F00E65FE5 /* Controller */,
				04EF949C1DD9606F00E65FE5 /* Model */,
				04EF949D1DD9606F00E65FE5 /* View */,
			);
			path = "Discover(发现)";
			sourceTree = "<group>";
		};
		04EF949B1DD9606F00E65FE5 /* Controller */ = {
			isa = PBXGroup;
			children = (
				04EF94DA1DD9A5ED00E65FE5 /* ZCDiscoverViewController.h */,
				04EF94DB1DD9A5ED00E65FE5 /* ZCDiscoverViewController.m */,
			);
			path = Controller;
			sourceTree = "<group>";
		};
		04EF949C1DD9606F00E65FE5 /* Model */ = {
			isa = PBXGroup;
			children = (
			);
			path = Model;
			sourceTree = "<group>";
		};
		04EF949D1DD9606F00E65FE5 /* View */ = {
			isa = PBXGroup;
			children = (
			);
			path = View;
			sourceTree = "<group>";
		};
		04EF949E1DD9606F00E65FE5 /* Home(首页) */ = {
			isa = PBXGroup;
			children = (
				04EF949F1DD9606F00E65FE5 /* Controller */,
				04EF94A01DD9606F00E65FE5 /* Model */,
				04EF94A11DD9606F00E65FE5 /* View */,
			);
			path = "Home(首页)";
			sourceTree = "<group>";
		};
		04EF949F1DD9606F00E65FE5 /* Controller */ = {
			isa = PBXGroup;
			children = (
				04EF94D11DD9A5AD00E65FE5 /* ZCHomeViewController.h */,
				04EF94D21DD9A5AD00E65FE5 /* ZCHomeViewController.m */,
				04EF94DD1DD9B4F000E65FE5 /* ZCTextViewController.h */,
				04EF94DE1DD9B4F000E65FE5 /* ZCTextViewController.m */,
			);
			path = Controller;
			sourceTree = "<group>";
		};
		04EF94A01DD9606F00E65FE5 /* Model */ = {
			isa = PBXGroup;
			children = (
				04D963F91DE3E5FF00B3BE74 /* ZCUser.h */,
				04D963FA1DE3E5FF00B3BE74 /* ZCUser.m */,
				04D963FC1DE3E62100B3BE74 /* ZCStatus.h */,
				04D963FD1DE3E62100B3BE74 /* ZCStatus.m */,
				043DE3121DE68803008F4267 /* ZCStatusFrame.h */,
				043DE3131DE68803008F4267 /* ZCStatusFrame.m */,
				7A503D6B1DE72CDA00CD7FC7 /* ZCPhoto.h */,
				7A503D6C1DE72CDA00CD7FC7 /* ZCPhoto.m */,
			);
			path = Model;
			sourceTree = "<group>";
		};
		04EF94A11DD9606F00E65FE5 /* View */ = {
			isa = PBXGroup;
			children = (
				7A9F9B521DDB610B006FF9CF /* ZCHomeTitleButton.h */,
				7A9F9B531DDB610B006FF9CF /* ZCHomeTitleButton.m */,
				043DE3151DE689A2008F4267 /* ZCStatusCell.h */,
				043DE3161DE689A2008F4267 /* ZCStatusCell.m */,
				043DE3181DE6EBCF008F4267 /* ZCStatusCellToobar.h */,
				043DE3191DE6EBCF008F4267 /* ZCStatusCellToobar.m */,
			);
			path = View;
			sourceTree = "<group>";
		};
		04EF94A21DD9606F00E65FE5 /* Main */ = {
			isa = PBXGroup;
			children = (
				04C7F2421DE2CAC70095C1E4 /* Tool */,
				04EF94A31DD9606F00E65FE5 /* Category */,
				04EF94A41DD9606F00E65FE5 /* Controller */,
				04EF94A61DD9606F00E65FE5 /* Model */,
				04EF94A71DD9606F00E65FE5 /* Other */,
				04EF94AB1DD9606F00E65FE5 /* View */,
			);
			path = Main;
			sourceTree = "<group>";
		};
		04EF94A31DD9606F00E65FE5 /* Category */ = {
			isa = PBXGroup;
			children = (
				04C7F2491DE2DA970095C1E4 /* Foundation+Log.m */,
				04D73C0F1DDEFB1200517C0A /* MBProgressHUD+MJ.h */,
				04D73C101DDEFB1200517C0A /* MBProgressHUD+MJ.m */,
				04EF94C51DD965A700E65FE5 /* NSString+ZCExtension.h */,
				04EF94C61DD965A700E65FE5 /* NSString+ZCExtension.m */,
				04EF94C81DD9663100E65FE5 /* UIView+ZCExtension.h */,
				04EF94C91DD9663100E65FE5 /* UIView+ZCExtension.m */,
				04EF94CB1DD9694000E65FE5 /* UIBarButtonItem+ZCExtension.h */,
				04EF94CC1DD9694000E65FE5 /* UIBarButtonItem+ZCExtension.m */,
				04D73C091DDEF5D100517C0A /* UIWindow+ZCExtension.h */,
				04D73C0A1DDEF5D100517C0A /* UIWindow+ZCExtension.m */,
				7AEE2E841DE9D9610062F019 /* NSDate+ZCExtension.h */,
				7AEE2E851DE9D9610062F019 /* NSDate+ZCExtension.m */,
			);
			path = Category;
			sourceTree = "<group>";
		};
		04EF94A41DD9606F00E65FE5 /* Controller */ = {
			isa = PBXGroup;
			children = (
				04EF94BF1DD9648500E65FE5 /* ZCTabBarViewController.h */,
				04EF94C01DD9648500E65FE5 /* ZCTabBarViewController.m */,
				04EF94C21DD964B600E65FE5 /* ZCNavigationController.h */,
				04EF94C31DD964B600E65FE5 /* ZCNavigationController.m */,
			);
			path = Controller;
			sourceTree = "<group>";
		};
		04EF94A61DD9606F00E65FE5 /* Model */ = {
			isa = PBXGroup;
			children = (
			);
			path = Model;
			sourceTree = "<group>";
		};
		04EF94A71DD9606F00E65FE5 /* Other */ = {
			isa = PBXGroup;
			children = (
				04EF94A81DD9606F00E65FE5 /* AppDelegate.h */,
				04EF94A91DD9606F00E65FE5 /* AppDelegate.m */,
				04EF94AA1DD9606F00E65FE5 /* main.m */,
				04EF94CE1DD96A4200E65FE5 /* ZCConst.h */,
				04EF94CF1DD96A4200E65FE5 /* ZCConst.m */,
			);
			path = Other;
			sourceTree = "<group>";
		};
		04EF94AB1DD9606F00E65FE5 /* View */ = {
			isa = PBXGroup;
			children = (
				047DE56B1DDAEE3C006D3B8D /* ZCSearchBar.h */,
				047DE56C1DDAEE3C006D3B8D /* ZCSearchBar.m */,
				7A9F9B4F1DDB5174006FF9CF /* ZCDrawDownMenu.h */,
				7A9F9B501DDB5174006FF9CF /* ZCDrawDownMenu.m */,
				041B549F1DDC156C0042BC76 /* ZCTabBar.h */,
				041B54A01DDC156C0042BC76 /* ZCTabBar.m */,
			);
			path = View;
			sourceTree = "<group>";
		};
		04EF94AC1DD9606F00E65FE5 /* MessageCenter(消息) */ = {
			isa = PBXGroup;
			children = (
				04EF94AD1DD9606F00E65FE5 /* Controller */,
				04EF94AE1DD9606F00E65FE5 /* Model */,
				04EF94AF1DD9606F00E65FE5 /* View */,
			);
			path = "MessageCenter(消息)";
			sourceTree = "<group>";
		};
		04EF94AD1DD9606F00E65FE5 /* Controller */ = {
			isa = PBXGroup;
			children = (
				04EF94D41DD9A5C600E65FE5 /* ZCMessageViewController.h */,
				04EF94D51DD9A5C600E65FE5 /* ZCMessageViewController.m */,
			);
			path = Controller;
			sourceTree = "<group>";
		};
		04EF94AE1DD9606F00E65FE5 /* Model */ = {
			isa = PBXGroup;
			children = (
			);
			path = Model;
			sourceTree = "<group>";
		};
		04EF94AF1DD9606F00E65FE5 /* View */ = {
			isa = PBXGroup;
			children = (
			);
			path = View;
			sourceTree = "<group>";
		};
		04EF94B01DD9606F00E65FE5 /* Newfeature(新特性) */ = {
			isa = PBXGroup;
			children = (
				04EF94B11DD9606F00E65FE5 /* Controller */,
				04EF94B21DD9606F00E65FE5 /* Model */,
				04EF94B31DD9606F00E65FE5 /* View */,
			);
			path = "Newfeature(新特性)";
			sourceTree = "<group>";
		};
		04EF94B11DD9606F00E65FE5 /* Controller */ = {
			isa = PBXGroup;
			children = (
				04D317731DDD8A6E008FE97C /* ZCNewFeatureViewController.h */,
				04D317741DDD8A6E008FE97C /* ZCNewFeatureViewController.m */,
			);
			path = Controller;
			sourceTree = "<group>";
		};
		04EF94B21DD9606F00E65FE5 /* Model */ = {
			isa = PBXGroup;
			children = (
			);
			path = Model;
			sourceTree = "<group>";
		};
		04EF94B31DD9606F00E65FE5 /* View */ = {
			isa = PBXGroup;
			children = (
			);
			path = View;
			sourceTree = "<group>";
		};
		04EF94B41DD9606F00E65FE5 /* OAuth(授权) */ = {
			isa = PBXGroup;
			children = (
				7AD004D61DDF3C83008948F7 /* Model */,
				04EF94B51DD9606F00E65FE5 /* Controller */,
				04EF94B71DD9606F00E65FE5 /* View */,
			);
			path = "OAuth(授权)";
			sourceTree = "<group>";
		};
		04EF94B51DD9606F00E65FE5 /* Controller */ = {
			isa = PBXGroup;
			children = (
				04D73C061DDEA89200517C0A /* ZCOAuthViewController.h */,
				04D73C071DDEA89200517C0A /* ZCOAuthViewController.m */,
			);
			path = Controller;
			sourceTree = "<group>";
		};
		04EF94B71DD9606F00E65FE5 /* View */ = {
			isa = PBXGroup;
			children = (
			);
			path = View;
			sourceTree = "<group>";
		};
		04EF94B81DD9606F00E65FE5 /* Profile(我) */ = {
			isa = PBXGroup;
			children = (
				04EF94B91DD9606F00E65FE5 /* Controller */,
				04EF94BA1DD9606F00E65FE5 /* Model */,
				04EF94BB1DD9606F00E65FE5 /* View */,
			);
			path = "Profile(我)";
			sourceTree = "<group>";
		};
		04EF94B91DD9606F00E65FE5 /* Controller */ = {
			isa = PBXGroup;
			children = (
				04EF94D71DD9A5DF00E65FE5 /* ZCProfileViewController.h */,
				04EF94D81DD9A5DF00E65FE5 /* ZCProfileViewController.m */,
			);
			path = Controller;
			sourceTree = "<group>";
		};
		04EF94BA1DD9606F00E65FE5 /* Model */ = {
			isa = PBXGroup;
			children = (
			);
			path = Model;
			sourceTree = "<group>";
		};
		04EF94BB1DD9606F00E65FE5 /* View */ = {
			isa = PBXGroup;
			children = (
			);
			path = View;
			sourceTree = "<group>";
		};
		7AD004D61DDF3C83008948F7 /* Model */ = {
			isa = PBXGroup;
			children = (
				7AD004D71DDF3C83008948F7 /* ZCUserAccount.h */,
				7AD004D81DDF3C83008948F7 /* ZCUserAccount.m */,
			);
			path = Model;
			sourceTree = "<group>";
		};
		9A099610CA5407678C93836F /* Frameworks */ = {
			isa = PBXGroup;
			children = (
				3192157EB0638AC2536A1FC4 /* libPods-SinaWebo.a */,
			);
			name = Frameworks;
			sourceTree = "<group>";
		};
		9BC8B4DFDC393D83985A2ADF /* Pods */ = {
			isa = PBXGroup;
			children = (
				CBB90215D3DF9BA14DC32A9A /* Pods-SinaWebo.debug.xcconfig */,
				CE902A01F370151776EC9509 /* Pods-SinaWebo.release.xcconfig */,
			);
			name = Pods;
			sourceTree = "<group>";
		};
/* End PBXGroup section */

/* Begin PBXNativeTarget section */
		04EF945E1DD9546500E65FE5 /* SinaWebo */ = {
			isa = PBXNativeTarget;
			buildConfigurationList = 04EF948C1DD9546500E65FE5 /* Build configuration list for PBXNativeTarget "SinaWebo" */;
			buildPhases = (
				A9D02028CFCA470FE73B4D01 /* [CP] Check Pods Manifest.lock */,
				04EF945B1DD9546500E65FE5 /* Sources */,
				04EF945C1DD9546500E65FE5 /* Frameworks */,
				04EF945D1DD9546500E65FE5 /* Resources */,
				E3361105761D1AF92F248B1B /* [CP] Embed Pods Frameworks */,
				3B7A3C64A8C82FD49A92FC2D /* [CP] Copy Pods Resources */,
			);
			buildRules = (
			);
			dependencies = (
			);
			name = SinaWebo;
			productName = SinaWebo;
			productReference = 04EF945F1DD9546500E65FE5 /* SinaWebo.app */;
			productType = "com.apple.product-type.application";
		};
		04EF94771DD9546500E65FE5 /* SinaWeboTests */ = {
			isa = PBXNativeTarget;
			buildConfigurationList = 04EF948F1DD9546500E65FE5 /* Build configuration list for PBXNativeTarget "SinaWeboTests" */;
			buildPhases = (
				04EF94741DD9546500E65FE5 /* Sources */,
				04EF94751DD9546500E65FE5 /* Frameworks */,
				04EF94761DD9546500E65FE5 /* Resources */,
			);
			buildRules = (
			);
			dependencies = (
				04EF947A1DD9546500E65FE5 /* PBXTargetDependency */,
			);
			name = SinaWeboTests;
			productName = SinaWeboTests;
			productReference = 04EF94781DD9546500E65FE5 /* SinaWeboTests.xctest */;
			productType = "com.apple.product-type.bundle.unit-test";
		};
		04EF94821DD9546500E65FE5 /* SinaWeboUITests */ = {
			isa = PBXNativeTarget;
			buildConfigurationList = 04EF94921DD9546500E65FE5 /* Build configuration list for PBXNativeTarget "SinaWeboUITests" */;
			buildPhases = (
				04EF947F1DD9546500E65FE5 /* Sources */,
				04EF94801DD9546500E65FE5 /* Frameworks */,
				04EF94811DD9546500E65FE5 /* Resources */,
			);
			buildRules = (
			);
			dependencies = (
				04EF94851DD9546500E65FE5 /* PBXTargetDependency */,
			);
			name = SinaWeboUITests;
			productName = SinaWeboUITests;
			productReference = 04EF94831DD9546500E65FE5 /* SinaWeboUITests.xctest */;
			productType = "com.apple.product-type.bundle.ui-testing";
		};
/* End PBXNativeTarget section */

/* Begin PBXProject section */
		04EF94571DD9546400E65FE5 /* Project object */ = {
			isa = PBXProject;
			attributes = {
				CLASSPREFIX = ZC;
				LastUpgradeCheck = 0810;
				ORGANIZATIONNAME = "United Network Services Ltd. of Shenzhen City";
				TargetAttributes = {
					04EF945E1DD9546500E65FE5 = {
						CreatedOnToolsVersion = 8.1;
						DevelopmentTeam = WUYCY47JX4;
						ProvisioningStyle = Automatic;
					};
					04EF94771DD9546500E65FE5 = {
						CreatedOnToolsVersion = 8.1;
						DevelopmentTeam = G4E6298X77;
						ProvisioningStyle = Automatic;
						TestTargetID = 04EF945E1DD9546500E65FE5;
					};
					04EF94821DD9546500E65FE5 = {
						CreatedOnToolsVersion = 8.1;
						DevelopmentTeam = G4E6298X77;
						ProvisioningStyle = Automatic;
						TestTargetID = 04EF945E1DD9546500E65FE5;
					};
				};
			};
			buildConfigurationList = 04EF945A1DD9546500E65FE5 /* Build configuration list for PBXProject "SinaWebo" */;
			compatibilityVersion = "Xcode 3.2";
			developmentRegion = English;
			hasScannedForEncodings = 0;
			knownRegions = (
				en,
				Base,
			);
			mainGroup = 04EF94561DD9546400E65FE5;
			productRefGroup = 04EF94601DD9546500E65FE5 /* Products */;
			projectDirPath = "";
			projectRoot = "";
			targets = (
				04EF945E1DD9546500E65FE5 /* SinaWebo */,
				04EF94771DD9546500E65FE5 /* SinaWeboTests */,
				04EF94821DD9546500E65FE5 /* SinaWeboUITests */,
			);
		};
/* End PBXProject section */

/* Begin PBXResourcesBuildPhase section */
		04EF945D1DD9546500E65FE5 /* Resources */ = {
			isa = PBXResourcesBuildPhase;
			buildActionMask = 2147483647;
			files = (
				04EF94721DD9546500E65FE5 /* LaunchScreen.storyboard in Resources */,
				04EF946F1DD9546500E65FE5 /* Assets.xcassets in Resources */,
			);
			runOnlyForDeploymentPostprocessing = 0;
		};
		04EF94761DD9546500E65FE5 /* Resources */ = {
			isa = PBXResourcesBuildPhase;
			buildActionMask = 2147483647;
			files = (
			);
			runOnlyForDeploymentPostprocessing = 0;
		};
		04EF94811DD9546500E65FE5 /* Resources */ = {
			isa = PBXResourcesBuildPhase;
			buildActionMask = 2147483647;
			files = (
			);
			runOnlyForDeploymentPostprocessing = 0;
		};
/* End PBXResourcesBuildPhase section */

/* Begin PBXShellScriptBuildPhase section */
		3B7A3C64A8C82FD49A92FC2D /* [CP] Copy Pods Resources */ = {
			isa = PBXShellScriptBuildPhase;
			buildActionMask = 2147483647;
			files = (
			);
			inputPaths = (
			);
			name = "[CP] Copy Pods Resources";
			outputPaths = (
			);
			runOnlyForDeploymentPostprocessing = 0;
			shellPath = /bin/sh;
			shellScript = "\"${SRCROOT}/Pods/Target Support Files/Pods-SinaWebo/Pods-SinaWebo-resources.sh\"\n";
			showEnvVarsInLog = 0;
		};
		A9D02028CFCA470FE73B4D01 /* [CP] Check Pods Manifest.lock */ = {
			isa = PBXShellScriptBuildPhase;
			buildActionMask = 2147483647;
			files = (
			);
			inputPaths = (
			);
			name = "[CP] Check Pods Manifest.lock";
			outputPaths = (
			);
			runOnlyForDeploymentPostprocessing = 0;
			shellPath = /bin/sh;
			shellScript = "diff \"${PODS_ROOT}/../Podfile.lock\" \"${PODS_ROOT}/Manifest.lock\" > /dev/null\nif [ $? != 0 ] ; then\n    # print error to STDERR\n    echo \"error: The sandbox is not in sync with the Podfile.lock. Run 'pod install' or update your CocoaPods installation.\" >&2\n    exit 1\nfi\n";
			showEnvVarsInLog = 0;
		};
		E3361105761D1AF92F248B1B /* [CP] Embed Pods Frameworks */ = {
			isa = PBXShellScriptBuildPhase;
			buildActionMask = 2147483647;
			files = (
			);
			inputPaths = (
			);
			name = "[CP] Embed Pods Frameworks";
			outputPaths = (
			);
			runOnlyForDeploymentPostprocessing = 0;
			shellPath = /bin/sh;
			shellScript = "\"${SRCROOT}/Pods/Target Support Files/Pods-SinaWebo/Pods-SinaWebo-frameworks.sh\"\n";
			showEnvVarsInLog = 0;
		};
/* End PBXShellScriptBuildPhase section */

/* Begin PBXSourcesBuildPhase section */
		04EF945B1DD9546500E65FE5 /* Sources */ = {
			isa = PBXSourcesBuildPhase;
			buildActionMask = 2147483647;
			files = (
				04EF94D01DD96A4200E65FE5 /* ZCConst.m in Sources */,
				04C7F24A1DE2DA970095C1E4 /* Foundation+Log.m in Sources */,
				04EF94D91DD9A5DF00E65FE5 /* ZCProfileViewController.m in Sources */,
				041B54A11DDC156C0042BC76 /* ZCTabBar.m in Sources */,
				04C7F2451DE2CAC70095C1E4 /* ZCUtility.m in Sources */,
				7A9F9B541DDB610B006FF9CF /* ZCHomeTitleButton.m in Sources */,
				7A503D6D1DE72CDA00CD7FC7 /* ZCPhoto.m in Sources */,
				04EF94D61DD9A5C600E65FE5 /* ZCMessageViewController.m in Sources */,
				04D73C0B1DDEF5D100517C0A /* UIWindow+ZCExtension.m in Sources */,
				04D317751DDD8A6E008FE97C /* ZCNewFeatureViewController.m in Sources */,
				04EF94C41DD964B600E65FE5 /* ZCNavigationController.m in Sources */,
				04EF94BD1DD9606F00E65FE5 /* main.m in Sources */,
				04EF94CD1DD9694000E65FE5 /* UIBarButtonItem+ZCExtension.m in Sources */,
				04EF94C71DD965A700E65FE5 /* NSString+ZCExtension.m in Sources */,
				04D963FB1DE3E5FF00B3BE74 /* ZCUser.m in Sources */,
				04EF94C11DD9648500E65FE5 /* ZCTabBarViewController.m in Sources */,
				04C7F2481DE2CC000095C1E4 /* ZCAFHttpsRequest.m in Sources */,
				04D73C081DDEA89200517C0A /* ZCOAuthViewController.m in Sources */,
				047DE56D1DDAEE3C006D3B8D /* ZCSearchBar.m in Sources */,
				7AEE2E861DE9D9610062F019 /* NSDate+ZCExtension.m in Sources */,
				043DE3141DE68803008F4267 /* ZCStatusFrame.m in Sources */,
				7A9F9B511DDB5174006FF9CF /* ZCDrawDownMenu.m in Sources */,
				043DE3171DE689A2008F4267 /* ZCStatusCell.m in Sources */,
				043DE31A1DE6EBCF008F4267 /* ZCStatusCellToobar.m in Sources */,
				04EF94DC1DD9A5ED00E65FE5 /* ZCDiscoverViewController.m in Sources */,
				04EF94DF1DD9B4F000E65FE5 /* ZCTextViewController.m in Sources */,
				04D73C111DDEFB1200517C0A /* MBProgressHUD+MJ.m in Sources */,
				04D963FE1DE3E62100B3BE74 /* ZCStatus.m in Sources */,
				04EF94D31DD9A5AD00E65FE5 /* ZCHomeViewController.m in Sources */,
				04EF94BC1DD9606F00E65FE5 /* AppDelegate.m in Sources */,
				7AD004D91DDF3C83008948F7 /* ZCUserAccount.m in Sources */,
				04EF94CA1DD9663100E65FE5 /* UIView+ZCExtension.m in Sources */,
			);
			runOnlyForDeploymentPostprocessing = 0;
		};
		04EF94741DD9546500E65FE5 /* Sources */ = {
			isa = PBXSourcesBuildPhase;
			buildActionMask = 2147483647;
			files = (
				04EF947D1DD9546500E65FE5 /* SinaWeboTests.m in Sources */,
			);
			runOnlyForDeploymentPostprocessing = 0;
		};
		04EF947F1DD9546500E65FE5 /* Sources */ = {
			isa = PBXSourcesBuildPhase;
			buildActionMask = 2147483647;
			files = (
				04EF94881DD9546500E65FE5 /* SinaWeboUITests.m in Sources */,
			);
			runOnlyForDeploymentPostprocessing = 0;
		};
/* End PBXSourcesBuildPhase section */

/* Begin PBXTargetDependency section */
		04EF947A1DD9546500E65FE5 /* PBXTargetDependency */ = {
			isa = PBXTargetDependency;
			target = 04EF945E1DD9546500E65FE5 /* SinaWebo */;
			targetProxy = 04EF94791DD9546500E65FE5 /* PBXContainerItemProxy */;
		};
		04EF94851DD9546500E65FE5 /* PBXTargetDependency */ = {
			isa = PBXTargetDependency;
			target = 04EF945E1DD9546500E65FE5 /* SinaWebo */;
			targetProxy = 04EF94841DD9546500E65FE5 /* PBXContainerItemProxy */;
		};
/* End PBXTargetDependency section */

/* Begin PBXVariantGroup section */
		04EF94701DD9546500E65FE5 /* LaunchScreen.storyboard */ = {
			isa = PBXVariantGroup;
			children = (
				04EF94711DD9546500E65FE5 /* Base */,
			);
			name = LaunchScreen.storyboard;
			sourceTree = "<group>";
		};
/* End PBXVariantGroup section */

/* Begin XCBuildConfiguration section */
		04EF948A1DD9546500E65FE5 /* Debug */ = {
			isa = XCBuildConfiguration;
			buildSettings = {
				ALWAYS_SEARCH_USER_PATHS = NO;
				CLANG_ANALYZER_NONNULL = YES;
				CLANG_CXX_LANGUAGE_STANDARD = "gnu++0x";
				CLANG_CXX_LIBRARY = "libc++";
				CLANG_ENABLE_MODULES = YES;
				CLANG_ENABLE_OBJC_ARC = YES;
				CLANG_WARN_BOOL_CONVERSION = YES;
				CLANG_WARN_CONSTANT_CONVERSION = YES;
				CLANG_WARN_DIRECT_OBJC_ISA_USAGE = YES_ERROR;
				CLANG_WARN_DOCUMENTATION_COMMENTS = YES;
				CLANG_WARN_EMPTY_BODY = YES;
				CLANG_WARN_ENUM_CONVERSION = YES;
				CLANG_WARN_INFINITE_RECURSION = YES;
				CLANG_WARN_INT_CONVERSION = YES;
				CLANG_WARN_OBJC_ROOT_CLASS = YES_ERROR;
				CLANG_WARN_SUSPICIOUS_MOVES = YES;
				CLANG_WARN_UNREACHABLE_CODE = YES;
				CLANG_WARN__DUPLICATE_METHOD_MATCH = YES;
				"CODE_SIGN_IDENTITY[sdk=iphoneos*]" = "iPhone Developer";
				COPY_PHASE_STRIP = NO;
				DEBUG_INFORMATION_FORMAT = dwarf;
				ENABLE_STRICT_OBJC_MSGSEND = YES;
				ENABLE_TESTABILITY = YES;
				GCC_C_LANGUAGE_STANDARD = gnu99;
				GCC_DYNAMIC_NO_PIC = NO;
				GCC_NO_COMMON_BLOCKS = YES;
				GCC_OPTIMIZATION_LEVEL = 0;
				GCC_PREPROCESSOR_DEFINITIONS = (
					"DEBUG=1",
					"$(inherited)",
				);
				GCC_WARN_64_TO_32_BIT_CONVERSION = YES;
				GCC_WARN_ABOUT_RETURN_TYPE = YES_ERROR;
				GCC_WARN_UNDECLARED_SELECTOR = YES;
				GCC_WARN_UNINITIALIZED_AUTOS = YES_AGGRESSIVE;
				GCC_WARN_UNUSED_FUNCTION = YES;
				GCC_WARN_UNUSED_VARIABLE = YES;
				IPHONEOS_DEPLOYMENT_TARGET = 8.0;
				MTL_ENABLE_DEBUG_INFO = YES;
				ONLY_ACTIVE_ARCH = YES;
				SDKROOT = iphoneos;
			};
			name = Debug;
		};
		04EF948B1DD9546500E65FE5 /* Release */ = {
			isa = XCBuildConfiguration;
			buildSettings = {
				ALWAYS_SEARCH_USER_PATHS = NO;
				CLANG_ANALYZER_NONNULL = YES;
				CLANG_CXX_LANGUAGE_STANDARD = "gnu++0x";
				CLANG_CXX_LIBRARY = "libc++";
				CLANG_ENABLE_MODULES = YES;
				CLANG_ENABLE_OBJC_ARC = YES;
				CLANG_WARN_BOOL_CONVERSION = YES;
				CLANG_WARN_CONSTANT_CONVERSION = YES;
				CLANG_WARN_DIRECT_OBJC_ISA_USAGE = YES_ERROR;
				CLANG_WARN_DOCUMENTATION_COMMENTS = YES;
				CLANG_WARN_EMPTY_BODY = YES;
				CLANG_WARN_ENUM_CONVERSION = YES;
				CLANG_WARN_INFINITE_RECURSION = YES;
				CLANG_WARN_INT_CONVERSION = YES;
				CLANG_WARN_OBJC_ROOT_CLASS = YES_ERROR;
				CLANG_WARN_SUSPICIOUS_MOVES = YES;
				CLANG_WARN_UNREACHABLE_CODE = YES;
				CLANG_WARN__DUPLICATE_METHOD_MATCH = YES;
				"CODE_SIGN_IDENTITY[sdk=iphoneos*]" = "iPhone Developer";
				COPY_PHASE_STRIP = NO;
				DEBUG_INFORMATION_FORMAT = "dwarf-with-dsym";
				ENABLE_NS_ASSERTIONS = NO;
				ENABLE_STRICT_OBJC_MSGSEND = YES;
				GCC_C_LANGUAGE_STANDARD = gnu99;
				GCC_NO_COMMON_BLOCKS = YES;
				GCC_WARN_64_TO_32_BIT_CONVERSION = YES;
				GCC_WARN_ABOUT_RETURN_TYPE = YES_ERROR;
				GCC_WARN_UNDECLARED_SELECTOR = YES;
				GCC_WARN_UNINITIALIZED_AUTOS = YES_AGGRESSIVE;
				GCC_WARN_UNUSED_FUNCTION = YES;
				GCC_WARN_UNUSED_VARIABLE = YES;
				IPHONEOS_DEPLOYMENT_TARGET = 8.0;
				MTL_ENABLE_DEBUG_INFO = NO;
				SDKROOT = iphoneos;
				VALIDATE_PRODUCT = YES;
			};
			name = Release;
		};
		04EF948D1DD9546500E65FE5 /* Debug */ = {
			isa = XCBuildConfiguration;
			baseConfigurationReference = CBB90215D3DF9BA14DC32A9A /* Pods-SinaWebo.debug.xcconfig */;
			buildSettings = {
				ASSETCATALOG_COMPILER_APPICON_NAME = AppIcon;
				ASSETCATALOG_COMPILER_LAUNCHIMAGE_NAME = LaunchImage;
				DEVELOPMENT_TEAM = WUYCY47JX4;
				GCC_PRECOMPILE_PREFIX_HEADER = YES;
				GCC_PREFIX_HEADER = SinaWebo/PrefixHeader.pch;
				INFOPLIST_FILE = SinaWebo/Info.plist;
				IPHONEOS_DEPLOYMENT_TARGET = 8.0;
				LD_RUNPATH_SEARCH_PATHS = "$(inherited) @executable_path/Frameworks";
				PRODUCT_BUNDLE_IDENTIFIER = SH.SinaWebo;
				PRODUCT_NAME = "$(TARGET_NAME)";
			};
			name = Debug;
		};
		04EF948E1DD9546500E65FE5 /* Release */ = {
			isa = XCBuildConfiguration;
			baseConfigurationReference = CE902A01F370151776EC9509 /* Pods-SinaWebo.release.xcconfig */;
			buildSettings = {
				ASSETCATALOG_COMPILER_APPICON_NAME = AppIcon;
				ASSETCATALOG_COMPILER_LAUNCHIMAGE_NAME = LaunchImage;
				DEVELOPMENT_TEAM = WUYCY47JX4;
				GCC_PRECOMPILE_PREFIX_HEADER = YES;
				GCC_PREFIX_HEADER = SinaWebo/PrefixHeader.pch;
				INFOPLIST_FILE = SinaWebo/Info.plist;
				IPHONEOS_DEPLOYMENT_TARGET = 8.0;
				LD_RUNPATH_SEARCH_PATHS = "$(inherited) @executable_path/Frameworks";
				PRODUCT_BUNDLE_IDENTIFIER = SH.SinaWebo;
				PRODUCT_NAME = "$(TARGET_NAME)";
			};
			name = Release;
		};
		04EF94901DD9546500E65FE5 /* Debug */ = {
			isa = XCBuildConfiguration;
			buildSettings = {
				BUNDLE_LOADER = "$(TEST_HOST)";
				DEVELOPMENT_TEAM = G4E6298X77;
				INFOPLIST_FILE = SinaWeboTests/Info.plist;
				LD_RUNPATH_SEARCH_PATHS = "$(inherited) @executable_path/Frameworks @loader_path/Frameworks";
				PRODUCT_BUNDLE_IDENTIFIER = SH.SinaWeboTests;
				PRODUCT_NAME = "$(TARGET_NAME)";
				TEST_HOST = "$(BUILT_PRODUCTS_DIR)/SinaWebo.app/SinaWebo";
			};
			name = Debug;
		};
		04EF94911DD9546500E65FE5 /* Release */ = {
			isa = XCBuildConfiguration;
			buildSettings = {
				BUNDLE_LOADER = "$(TEST_HOST)";
				DEVELOPMENT_TEAM = G4E6298X77;
				INFOPLIST_FILE = SinaWeboTests/Info.plist;
				LD_RUNPATH_SEARCH_PATHS = "$(inherited) @executable_path/Frameworks @loader_path/Frameworks";
				PRODUCT_BUNDLE_IDENTIFIER = SH.SinaWeboTests;
				PRODUCT_NAME = "$(TARGET_NAME)";
				TEST_HOST = "$(BUILT_PRODUCTS_DIR)/SinaWebo.app/SinaWebo";
			};
			name = Release;
		};
		04EF94931DD9546500E65FE5 /* Debug */ = {
			isa = XCBuildConfiguration;
			buildSettings = {
				DEVELOPMENT_TEAM = G4E6298X77;
				INFOPLIST_FILE = SinaWeboUITests/Info.plist;
				LD_RUNPATH_SEARCH_PATHS = "$(inherited) @executable_path/Frameworks @loader_path/Frameworks";
				PRODUCT_BUNDLE_IDENTIFIER = SH.SinaWeboUITests;
				PRODUCT_NAME = "$(TARGET_NAME)";
				TEST_TARGET_NAME = SinaWebo;
			};
			name = Debug;
		};
		04EF94941DD9546500E65FE5 /* Release */ = {
			isa = XCBuildConfiguration;
			buildSettings = {
				DEVELOPMENT_TEAM = G4E6298X77;
				INFOPLIST_FILE = SinaWeboUITests/Info.plist;
				LD_RUNPATH_SEARCH_PATHS = "$(inherited) @executable_path/Frameworks @loader_path/Frameworks";
				PRODUCT_BUNDLE_IDENTIFIER = SH.SinaWeboUITests;
				PRODUCT_NAME = "$(TARGET_NAME)";
				TEST_TARGET_NAME = SinaWebo;
			};
			name = Release;
		};
/* End XCBuildConfiguration section */

/* Begin XCConfigurationList section */
		04EF945A1DD9546500E65FE5 /* Build configuration list for PBXProject "SinaWebo" */ = {
			isa = XCConfigurationList;
			buildConfigurations = (
				04EF948A1DD9546500E65FE5 /* Debug */,
				04EF948B1DD9546500E65FE5 /* Release */,
			);
			defaultConfigurationIsVisible = 0;
			defaultConfigurationName = Release;
		};
		04EF948C1DD9546500E65FE5 /* Build configuration list for PBXNativeTarget "SinaWebo" */ = {
			isa = XCConfigurationList;
			buildConfigurations = (
				04EF948D1DD9546500E65FE5 /* Debug */,
				04EF948E1DD9546500E65FE5 /* Release */,
			);
			defaultConfigurationIsVisible = 0;
			defaultConfigurationName = Release;
		};
		04EF948F1DD9546500E65FE5 /* Build configuration list for PBXNativeTarget "SinaWeboTests" */ = {
			isa = XCConfigurationList;
			buildConfigurations = (
				04EF94901DD9546500E65FE5 /* Debug */,
				04EF94911DD9546500E65FE5 /* Release */,
			);
			defaultConfigurationIsVisible = 0;
			defaultConfigurationName = Release;
		};
		04EF94921DD9546500E65FE5 /* Build configuration list for PBXNativeTarget "SinaWeboUITests" */ = {
			isa = XCConfigurationList;
			buildConfigurations = (
				04EF94931DD9546500E65FE5 /* Debug */,
				04EF94941DD9546500E65FE5 /* Release */,
			);
			defaultConfigurationIsVisible = 0;
			defaultConfigurationName = Release;
		};
/* End XCConfigurationList section */
	};
	rootObject = 04EF94571DD9546400E65FE5 /* Project object */;
}
